
Microsoft Visual Studio Solution File, Format Version 12.00
# Visual Studio Version 17
VisualStudioVersion = 17.6.33815.320
MinimumVisualStudioVersion = 10.0.40219.1
Project("{9A19103F-16F7-4668-BE54-9A1E7A4F7556}") = "Data", "Data\Data.csproj", "{FBCA8FC7-9B34-42B4-BFF5-7703BBC79FBD}"
EndProject
Project("{9A19103F-16F7-4668-BE54-9A1E7A4F7556}") = "Logic", "Logic\Logic.csproj", "{B1FFCFC7-CF04-4638-B002-26857E5057DB}"
EndProject
Global
	GlobalSection(SolutionConfigurationPlatforms) = preSolution
		Debug|Any CPU = Debug|Any CPU
		Release|Any CPU = Release|Any CPU
	EndGlobalSection
	GlobalSection(ProjectConfigurationPlatforms) = postSolution
		{FBCA8FC7-9B34-42B4-BFF5-7703BBC79FBD}.Debug|Any CPU.ActiveCfg = Debug|Any CPU
		{FBCA8FC7-9B34-42B4-BFF5-7703BBC79FBD}.Debug|Any CPU.Build.0 = Debug|Any CPU
		{FBCA8FC7-9B34-42B4-BFF5-7703BBC79FBD}.Release|Any CPU.ActiveCfg = Release|Any CPU
		{FBCA8FC7-9B34-42B4-BFF5-7703BBC79FBD}.Release|Any CPU.Build.0 = Release|Any CPU
		{B1FFCFC7-CF04-4638-B002-26857E5057DB}.Debug|Any CPU.ActiveCfg = Debug|Any CPU
		{B1FFCFC7-CF04-4638-B002-26857E5057DB}.Debug|Any CPU.Build.0 = Debug|Any CPU
		{B1FFCFC7-CF04-4638-B002-26857E5057DB}.Release|Any CPU.ActiveCfg = Release|Any CPU
		{B1FFCFC7-CF04-4638-B002-26857E5057DB}.Release|Any CPU.Build.0 = Release|Any CPU
	EndGlobalSection
	GlobalSection(SolutionProperties) = preSolution
		HideSolutionNode = FALSE
	EndGlobalSection
	GlobalSection(ExtensibilityGlobals) = postSolution
		SolutionGuid = {ECD006DE-3E9D-4F0A-BB44-A94199A061B3}
	EndGlobalSection
EndGlobal
