
Microsoft Visual Studio Solution File, Format Version 12.00
# Visual Studio Version 17
VisualStudioVersion = 17.6.33815.320
MinimumVisualStudioVersion = 10.0.40219.1
Project("{FAE04EC0-301F-11D3-BF4B-00C04F79EFBC}") = "TPW2024", "TPW2024\TPW2024.csproj", "{DE67EE81-3342-4D01-9228-D3070B4A55F5}"
EndProject
Global
	GlobalSection(SolutionConfigurationPlatforms) = preSolution
		Debug|Any CPU = Debug|Any CPU
		Release|Any CPU = Release|Any CPU
	EndGlobalSection
	GlobalSection(ProjectConfigurationPlatforms) = postSolution
		{DE67EE81-3342-4D01-9228-D3070B4A55F5}.Debug|Any CPU.ActiveCfg = Debug|Any CPU
		{DE67EE81-3342-4D01-9228-D3070B4A55F5}.Debug|Any CPU.Build.0 = Debug|Any CPU
		{DE67EE81-3342-4D01-9228-D3070B4A55F5}.Release|Any CPU.ActiveCfg = Release|Any CPU
		{DE67EE81-3342-4D01-9228-D3070B4A55F5}.Release|Any CPU.Build.0 = Release|Any CPU
	EndGlobalSection
	GlobalSection(SolutionProperties) = preSolution
		HideSolutionNode = FALSE
	EndGlobalSection
	GlobalSection(ExtensibilityGlobals) = postSolution
		SolutionGuid = {D0C778F7-29A2-4927-9A59-321FF99412F6}
	EndGlobalSection
EndGlobal
